// !$*UTF8*$!
{
	archiveVersion = 1;
	classes = {
	};
	objectVersion = 77;
	objects = {

/* Begin PBXBuildFile section */
		5FC19A072D946FA40002EF38 /* FirebaseAnalytics in Frameworks */ = {isa = PBXBuildFile; productRef = 5FC19A062D946FA40002EF38 /* FirebaseAnalytics */; };
		5FC19A092D946FA40002EF38 /* FirebaseAppDistribution-Beta in Frameworks */ = {isa = PBXBuildFile; productRef = 5FC19A082D946FA40002EF38 /* FirebaseAppDistribution-Beta */; };
		5FC19A102D947C360002EF38 /* Memory.swift in Sources */ = {isa = PBXBuildFile; fileRef = 5FC19A0F2D947C360002EF38 /* Memory.swift */; };
		5FC19A122D947E010002EF38 /* FireStoreManager.swift in Sources */ = {isa = PBXBuildFile; fileRef = 5FC19A112D947E010002EF38 /* FireStoreManager.swift */; };
		5FC19A142D947EFA0002EF38 /* FirebaseFirestore in Frameworks */ = {isa = PBXBuildFile; productRef = 5FC19A132D947EFA0002EF38 /* FirebaseFirestore */; };
		5FC19A162D947EFA0002EF38 /* FirebaseStorage in Frameworks */ = {isa = PBXBuildFile; productRef = 5FC19A152D947EFA0002EF38 /* FirebaseStorage */; };
		5FC19A192D9498300002EF38 /* Constants.swift in Sources */ = {isa = PBXBuildFile; fileRef = 5FC19A182D9498300002EF38 /* Constants.swift */; };
		5FC19A1B2D949F840002EF38 /* CloudStorage.swift in Sources */ = {isa = PBXBuildFile; fileRef = 5FC19A1A2D949F840002EF38 /* CloudStorage.swift */; };
		5FC19A1E2D94AC3E0002EF38 /* MemoryManager.swift in Sources */ = {isa = PBXBuildFile; fileRef = 5FC19A1D2D94AC3E0002EF38 /* MemoryManager.swift */; };
		5FC19A212D94B29D0002EF38 /* LocationManager.swift in Sources */ = {isa = PBXBuildFile; fileRef = 5FC19A202D94B29D0002EF38 /* LocationManager.swift */; };
/* End PBXBuildFile section */

/* Begin PBXContainerItemProxy section */
		5FC199DC2D946BDC0002EF38 /* PBXContainerItemProxy */ = {
			isa = PBXContainerItemProxy;
			containerPortal = 5FC199C32D946BDA0002EF38 /* Project object */;
			proxyType = 1;
			remoteGlobalIDString = 5FC199CA2D946BDA0002EF38;
			remoteInfo = MemoryCapsule;
		};
		5FC199E62D946BDC0002EF38 /* PBXContainerItemProxy */ = {
			isa = PBXContainerItemProxy;
			containerPortal = 5FC199C32D946BDA0002EF38 /* Project object */;
			proxyType = 1;
			remoteGlobalIDString = 5FC199CA2D946BDA0002EF38;
			remoteInfo = MemoryCapsule;
		};
/* End PBXContainerItemProxy section */

/* Begin PBXFileReference section */
		5FC199CB2D946BDA0002EF38 /* MemoryCapsule.app */ = {isa = PBXFileReference; explicitFileType = wrapper.application; includeInIndex = 0; path = MemoryCapsule.app; sourceTree = BUILT_PRODUCTS_DIR; };
		5FC199DB2D946BDC0002EF38 /* MemoryCapsuleTests.xctest */ = {isa = PBXFileReference; explicitFileType = wrapper.cfbundle; includeInIndex = 0; path = MemoryCapsuleTests.xctest; sourceTree = BUILT_PRODUCTS_DIR; };
		5FC199E52D946BDC0002EF38 /* MemoryCapsuleUITests.xctest */ = {isa = PBXFileReference; explicitFileType = wrapper.cfbundle; includeInIndex = 0; path = MemoryCapsuleUITests.xctest; sourceTree = BUILT_PRODUCTS_DIR; };
		5FC19A0F2D947C360002EF38 /* Memory.swift */ = {isa = PBXFileReference; lastKnownFileType = sourcecode.swift; path = Memory.swift; sourceTree = "<group>"; };
		5FC19A112D947E010002EF38 /* FireStoreManager.swift */ = {isa = PBXFileReference; lastKnownFileType = sourcecode.swift; path = FireStoreManager.swift; sourceTree = "<group>"; };
		5FC19A182D9498300002EF38 /* Constants.swift */ = {isa = PBXFileReference; lastKnownFileType = sourcecode.swift; path = Constants.swift; sourceTree = "<group>"; };
		5FC19A1A2D949F840002EF38 /* CloudStorage.swift */ = {isa = PBXFileReference; lastKnownFileType = sourcecode.swift; path = CloudStorage.swift; sourceTree = "<group>"; };
		5FC19A1D2D94AC3E0002EF38 /* MemoryManager.swift */ = {isa = PBXFileReference; lastKnownFileType = sourcecode.swift; path = MemoryManager.swift; sourceTree = "<group>"; };
		5FC19A202D94B29D0002EF38 /* LocationManager.swift */ = {isa = PBXFileReference; lastKnownFileType = sourcecode.swift; path = LocationManager.swift; sourceTree = "<group>"; };
/* End PBXFileReference section */

/* Begin PBXFileSystemSynchronizedBuildFileExceptionSet section */
		5FC19A032D946EF10002EF38 /* Exceptions for "Extra Files" folder in "MemoryCapsule" target */ = {
			isa = PBXFileSystemSynchronizedBuildFileExceptionSet;
			membershipExceptions = (
				"GoogleService-Info.plist",
			);
			target = 5FC199CA2D946BDA0002EF38 /* MemoryCapsule */;
		};
		5FC19A042D946EF10002EF38 /* Exceptions for "Extra Files" folder in "MemoryCapsuleUITests" target */ = {
			isa = PBXFileSystemSynchronizedBuildFileExceptionSet;
			membershipExceptions = (
				"GoogleService-Info.plist",
			);
			target = 5FC199E42D946BDC0002EF38 /* MemoryCapsuleUITests */;
		};
/* End PBXFileSystemSynchronizedBuildFileExceptionSet section */

/* Begin PBXFileSystemSynchronizedRootGroup section */
		5FC199CD2D946BDA0002EF38 /* MemoryCapsule */ = {
			isa = PBXFileSystemSynchronizedRootGroup;
			path = MemoryCapsule;
			sourceTree = "<group>";
		};
		5FC199DE2D946BDC0002EF38 /* MemoryCapsuleTests */ = {
			isa = PBXFileSystemSynchronizedRootGroup;
			path = MemoryCapsuleTests;
			sourceTree = "<group>";
		};
		5FC199E82D946BDC0002EF38 /* MemoryCapsuleUITests */ = {
			isa = PBXFileSystemSynchronizedRootGroup;
			path = MemoryCapsuleUITests;
			sourceTree = "<group>";
		};
		5FC19A012D946EF10002EF38 /* Extra Files */ = {
			isa = PBXFileSystemSynchronizedRootGroup;
			exceptions = (
				5FC19A032D946EF10002EF38 /* Exceptions for "Extra Files" folder in "MemoryCapsule" target */,
				5FC19A042D946EF10002EF38 /* Exceptions for "Extra Files" folder in "MemoryCapsuleUITests" target */,
			);
			path = "Extra Files";
			sourceTree = "<group>";
		};
/* End PBXFileSystemSynchronizedRootGroup section */

/* Begin PBXFrameworksBuildPhase section */
		5FC199C82D946BDA0002EF38 /* Frameworks */ = {
			isa = PBXFrameworksBuildPhase;
			buildActionMask = 2147483647;
			files = (
				5FC19A072D946FA40002EF38 /* FirebaseAnalytics in Frameworks */,
				5FC19A162D947EFA0002EF38 /* FirebaseStorage in Frameworks */,
				5FC19A092D946FA40002EF38 /* FirebaseAppDistribution-Beta in Frameworks */,
				5FC19A142D947EFA0002EF38 /* FirebaseFirestore in Frameworks */,
			);
			runOnlyForDeploymentPostprocessing = 0;
		};
		5FC199D82D946BDC0002EF38 /* Frameworks */ = {
			isa = PBXFrameworksBuildPhase;
			buildActionMask = 2147483647;
			files = (
			);
			runOnlyForDeploymentPostprocessing = 0;
		};
		5FC199E22D946BDC0002EF38 /* Frameworks */ = {
			isa = PBXFrameworksBuildPhase;
			buildActionMask = 2147483647;
			files = (
			);
			runOnlyForDeploymentPostprocessing = 0;
		};
/* End PBXFrameworksBuildPhase section */

/* Begin PBXGroup section */
		5FC199C22D946BDA0002EF38 = {
			isa = PBXGroup;
			children = (
				5FC19A172D94811B0002EF38 /* Resources */,
				5FC19A0E2D947C1A0002EF38 /* Models */,
				5FC19A0B2D947B6A0002EF38 /* Helpers */,
				5FC19A0A2D947B600002EF38 /* Services */,
				5FC199CD2D946BDA0002EF38 /* MemoryCapsule */,
				5FC199DE2D946BDC0002EF38 /* MemoryCapsuleTests */,
				5FC199E82D946BDC0002EF38 /* MemoryCapsuleUITests */,
				5FC19A012D946EF10002EF38 /* Extra Files */,
				5FC199CC2D946BDA0002EF38 /* Products */,
			);
			sourceTree = "<group>";
		};
		5FC199CC2D946BDA0002EF38 /* Products */ = {
			isa = PBXGroup;
			children = (
				5FC199CB2D946BDA0002EF38 /* MemoryCapsule.app */,
				5FC199DB2D946BDC0002EF38 /* MemoryCapsuleTests.xctest */,
				5FC199E52D946BDC0002EF38 /* MemoryCapsuleUITests.xctest */,
			);
			name = Products;
			sourceTree = "<group>";
		};
		5FC19A0A2D947B600002EF38 /* Services */ = {
			isa = PBXGroup;
			children = (
				5FC19A1F2D94B28E0002EF38 /* LocationManager */,
				5FC19A1C2D94AC320002EF38 /* MemoryManager */,
				5FC19A0D2D947B970002EF38 /* FireStore */,
				5FC19A0C2D947B8A0002EF38 /* CloudStorage */,
			);
			path = Services;
			sourceTree = "<group>";
		};
		5FC19A0B2D947B6A0002EF38 /* Helpers */ = {
			isa = PBXGroup;
			children = (
			);
			path = Helpers;
			sourceTree = "<group>";
		};
		5FC19A0C2D947B8A0002EF38 /* CloudStorage */ = {
			isa = PBXGroup;
			children = (
				5FC19A1A2D949F840002EF38 /* CloudStorage.swift */,
			);
			path = CloudStorage;
			sourceTree = "<group>";
		};
		5FC19A0D2D947B970002EF38 /* FireStore */ = {
			isa = PBXGroup;
			children = (
				5FC19A112D947E010002EF38 /* FireStoreManager.swift */,
			);
			path = FireStore;
			sourceTree = "<group>";
		};
		5FC19A0E2D947C1A0002EF38 /* Models */ = {
			isa = PBXGroup;
			children = (
				5FC19A0F2D947C360002EF38 /* Memory.swift */,
			);
			path = Models;
			sourceTree = "<group>";
		};
		5FC19A172D94811B0002EF38 /* Resources */ = {
			isa = PBXGroup;
			children = (
				5FC19A182D9498300002EF38 /* Constants.swift */,
			);
			path = Resources;
			sourceTree = "<group>";
		};
		5FC19A1C2D94AC320002EF38 /* MemoryManager */ = {
			isa = PBXGroup;
			children = (
				5FC19A1D2D94AC3E0002EF38 /* MemoryManager.swift */,
			);
			path = MemoryManager;
			sourceTree = "<group>";
		};
		5FC19A1F2D94B28E0002EF38 /* LocationManager */ = {
			isa = PBXGroup;
			children = (
				5FC19A202D94B29D0002EF38 /* LocationManager.swift */,
			);
			path = LocationManager;
			sourceTree = "<group>";
		};
/* End PBXGroup section */

/* Begin PBXNativeTarget section */
		5FC199CA2D946BDA0002EF38 /* MemoryCapsule */ = {
			isa = PBXNativeTarget;
			buildConfigurationList = 5FC199EF2D946BDC0002EF38 /* Build configuration list for PBXNativeTarget "MemoryCapsule" */;
			buildPhases = (
				5FC199C72D946BDA0002EF38 /* Sources */,
				5FC199C82D946BDA0002EF38 /* Frameworks */,
				5FC199C92D946BDA0002EF38 /* Resources */,
			);
			buildRules = (
			);
			dependencies = (
			);
			fileSystemSynchronizedGroups = (
				5FC199CD2D946BDA0002EF38 /* MemoryCapsule */,
			);
			name = MemoryCapsule;
			packageProductDependencies = (
				5FC19A062D946FA40002EF38 /* FirebaseAnalytics */,
				5FC19A082D946FA40002EF38 /* FirebaseAppDistribution-Beta */,
				5FC19A132D947EFA0002EF38 /* FirebaseFirestore */,
				5FC19A152D947EFA0002EF38 /* FirebaseStorage */,
			);
			productName = MemoryCapsule;
			productReference = 5FC199CB2D946BDA0002EF38 /* MemoryCapsule.app */;
			productType = "com.apple.product-type.application";
		};
		5FC199DA2D946BDC0002EF38 /* MemoryCapsuleTests */ = {
			isa = PBXNativeTarget;
			buildConfigurationList = 5FC199F22D946BDC0002EF38 /* Build configuration list for PBXNativeTarget "MemoryCapsuleTests" */;
			buildPhases = (
				5FC199D72D946BDC0002EF38 /* Sources */,
				5FC199D82D946BDC0002EF38 /* Frameworks */,
				5FC199D92D946BDC0002EF38 /* Resources */,
			);
			buildRules = (
			);
			dependencies = (
				5FC199DD2D946BDC0002EF38 /* PBXTargetDependency */,
			);
			fileSystemSynchronizedGroups = (
				5FC199DE2D946BDC0002EF38 /* MemoryCapsuleTests */,
			);
			name = MemoryCapsuleTests;
			packageProductDependencies = (
			);
			productName = MemoryCapsuleTests;
			productReference = 5FC199DB2D946BDC0002EF38 /* MemoryCapsuleTests.xctest */;
			productType = "com.apple.product-type.bundle.unit-test";
		};
		5FC199E42D946BDC0002EF38 /* MemoryCapsuleUITests */ = {
			isa = PBXNativeTarget;
			buildConfigurationList = 5FC199F52D946BDC0002EF38 /* Build configuration list for PBXNativeTarget "MemoryCapsuleUITests" */;
			buildPhases = (
				5FC199E12D946BDC0002EF38 /* Sources */,
				5FC199E22D946BDC0002EF38 /* Frameworks */,
				5FC199E32D946BDC0002EF38 /* Resources */,
			);
			buildRules = (
			);
			dependencies = (
				5FC199E72D946BDC0002EF38 /* PBXTargetDependency */,
			);
			fileSystemSynchronizedGroups = (
				5FC199E82D946BDC0002EF38 /* MemoryCapsuleUITests */,
				5FC19A012D946EF10002EF38 /* Extra Files */,
			);
			name = MemoryCapsuleUITests;
			packageProductDependencies = (
			);
			productName = MemoryCapsuleUITests;
			productReference = 5FC199E52D946BDC0002EF38 /* MemoryCapsuleUITests.xctest */;
			productType = "com.apple.product-type.bundle.ui-testing";
		};
/* End PBXNativeTarget section */

/* Begin PBXProject section */
		5FC199C32D946BDA0002EF38 /* Project object */ = {
			isa = PBXProject;
			attributes = {
				BuildIndependentTargetsInParallel = 1;
				LastSwiftUpdateCheck = 1620;
				LastUpgradeCheck = 1620;
				TargetAttributes = {
					5FC199CA2D946BDA0002EF38 = {
						CreatedOnToolsVersion = 16.2;
					};
					5FC199DA2D946BDC0002EF38 = {
						CreatedOnToolsVersion = 16.2;
						TestTargetID = 5FC199CA2D946BDA0002EF38;
					};
					5FC199E42D946BDC0002EF38 = {
						CreatedOnToolsVersion = 16.2;
						TestTargetID = 5FC199CA2D946BDA0002EF38;
					};
				};
			};
			buildConfigurationList = 5FC199C62D946BDA0002EF38 /* Build configuration list for PBXProject "MemoryCapsule" */;
			developmentRegion = en;
			hasScannedForEncodings = 0;
			knownRegions = (
				en,
				Base,
			);
			mainGroup = 5FC199C22D946BDA0002EF38;
			minimizedProjectReferenceProxies = 1;
			packageReferences = (
				5FC19A052D946FA40002EF38 /* XCRemoteSwiftPackageReference "firebase-ios-sdk" */,
			);
			preferredProjectObjectVersion = 77;
			productRefGroup = 5FC199CC2D946BDA0002EF38 /* Products */;
			projectDirPath = "";
			projectRoot = "";
			targets = (
				5FC199CA2D946BDA0002EF38 /* MemoryCapsule */,
				5FC199DA2D946BDC0002EF38 /* MemoryCapsuleTests */,
				5FC199E42D946BDC0002EF38 /* MemoryCapsuleUITests */,
			);
		};
/* End PBXProject section */

/* Begin PBXResourcesBuildPhase section */
		5FC199C92D946BDA0002EF38 /* Resources */ = {
			isa = PBXResourcesBuildPhase;
			buildActionMask = 2147483647;
			files = (
			);
			runOnlyForDeploymentPostprocessing = 0;
		};
		5FC199D92D946BDC0002EF38 /* Resources */ = {
			isa = PBXResourcesBuildPhase;
			buildActionMask = 2147483647;
			files = (
			);
			runOnlyForDeploymentPostprocessing = 0;
		};
		5FC199E32D946BDC0002EF38 /* Resources */ = {
			isa = PBXResourcesBuildPhase;
			buildActionMask = 2147483647;
			files = (
			);
			runOnlyForDeploymentPostprocessing = 0;
		};
/* End PBXResourcesBuildPhase section */

/* Begin PBXSourcesBuildPhase section */
		5FC199C72D946BDA0002EF38 /* Sources */ = {
			isa = PBXSourcesBuildPhase;
			buildActionMask = 2147483647;
			files = (
				5FC19A1E2D94AC3E0002EF38 /* MemoryManager.swift in Sources */,
				5FC19A192D9498300002EF38 /* Constants.swift in Sources */,
				5FC19A102D947C360002EF38 /* Memory.swift in Sources */,
				5FC19A212D94B29D0002EF38 /* LocationManager.swift in Sources */,
				5FC19A1B2D949F840002EF38 /* CloudStorage.swift in Sources */,
				5FC19A122D947E010002EF38 /* FireStoreManager.swift in Sources */,
			);
			runOnlyForDeploymentPostprocessing = 0;
		};
		5FC199D72D946BDC0002EF38 /* Sources */ = {
			isa = PBXSourcesBuildPhase;
			buildActionMask = 2147483647;
			files = (
			);
			runOnlyForDeploymentPostprocessing = 0;
		};
		5FC199E12D946BDC0002EF38 /* Sources */ = {
			isa = PBXSourcesBuildPhase;
			buildActionMask = 2147483647;
			files = (
			);
			runOnlyForDeploymentPostprocessing = 0;
		};
/* End PBXSourcesBuildPhase section */

/* Begin PBXTargetDependency section */
		5FC199DD2D946BDC0002EF38 /* PBXTargetDependency */ = {
			isa = PBXTargetDependency;
			target = 5FC199CA2D946BDA0002EF38 /* MemoryCapsule */;
			targetProxy = 5FC199DC2D946BDC0002EF38 /* PBXContainerItemProxy */;
		};
		5FC199E72D946BDC0002EF38 /* PBXTargetDependency */ = {
			isa = PBXTargetDependency;
			target = 5FC199CA2D946BDA0002EF38 /* MemoryCapsule */;
			targetProxy = 5FC199E62D946BDC0002EF38 /* PBXContainerItemProxy */;
		};
/* End PBXTargetDependency section */

/* Begin XCBuildConfiguration section */
		5FC199ED2D946BDC0002EF38 /* Debug */ = {
			isa = XCBuildConfiguration;
			buildSettings = {
				ALWAYS_SEARCH_USER_PATHS = NO;
				ASSETCATALOG_COMPILER_GENERATE_SWIFT_ASSET_SYMBOL_EXTENSIONS = YES;
				CLANG_ANALYZER_NONNULL = YES;
				CLANG_ANALYZER_NUMBER_OBJECT_CONVERSION = YES_AGGRESSIVE;
				CLANG_CXX_LANGUAGE_STANDARD = "gnu++20";
				CLANG_ENABLE_MODULES = YES;
				CLANG_ENABLE_OBJC_ARC = YES;
				CLANG_ENABLE_OBJC_WEAK = YES;
				CLANG_WARN_BLOCK_CAPTURE_AUTORELEASING = YES;
				CLANG_WARN_BOOL_CONVERSION = YES;
				CLANG_WARN_COMMA = YES;
				CLANG_WARN_CONSTANT_CONVERSION = YES;
				CLANG_WARN_DEPRECATED_OBJC_IMPLEMENTATIONS = YES;
				CLANG_WARN_DIRECT_OBJC_ISA_USAGE = YES_ERROR;
				CLANG_WARN_DOCUMENTATION_COMMENTS = YES;
				CLANG_WARN_EMPTY_BODY = YES;
				CLANG_WARN_ENUM_CONVERSION = YES;
				CLANG_WARN_INFINITE_RECURSION = YES;
				CLANG_WARN_INT_CONVERSION = YES;
				CLANG_WARN_NON_LITERAL_NULL_CONVERSION = YES;
				CLANG_WARN_OBJC_IMPLICIT_RETAIN_SELF = YES;
				CLANG_WARN_OBJC_LITERAL_CONVERSION = YES;
				CLANG_WARN_OBJC_ROOT_CLASS = YES_ERROR;
				CLANG_WARN_QUOTED_INCLUDE_IN_FRAMEWORK_HEADER = YES;
				CLANG_WARN_RANGE_LOOP_ANALYSIS = YES;
				CLANG_WARN_STRICT_PROTOTYPES = YES;
				CLANG_WARN_SUSPICIOUS_MOVE = YES;
				CLANG_WARN_UNGUARDED_AVAILABILITY = YES_AGGRESSIVE;
				CLANG_WARN_UNREACHABLE_CODE = YES;
				CLANG_WARN__DUPLICATE_METHOD_MATCH = YES;
				COPY_PHASE_STRIP = NO;
				DEBUG_INFORMATION_FORMAT = dwarf;
				ENABLE_STRICT_OBJC_MSGSEND = YES;
				ENABLE_TESTABILITY = YES;
				ENABLE_USER_SCRIPT_SANDBOXING = YES;
				GCC_C_LANGUAGE_STANDARD = gnu17;
				GCC_DYNAMIC_NO_PIC = NO;
				GCC_NO_COMMON_BLOCKS = YES;
				GCC_OPTIMIZATION_LEVEL = 0;
				GCC_PREPROCESSOR_DEFINITIONS = (
					"DEBUG=1",
					"$(inherited)",
				);
				GCC_WARN_64_TO_32_BIT_CONVERSION = YES;
				GCC_WARN_ABOUT_RETURN_TYPE = YES_ERROR;
				GCC_WARN_UNDECLARED_SELECTOR = YES;
				GCC_WARN_UNINITIALIZED_AUTOS = YES_AGGRESSIVE;
				GCC_WARN_UNUSED_FUNCTION = YES;
				GCC_WARN_UNUSED_VARIABLE = YES;
				IPHONEOS_DEPLOYMENT_TARGET = 18.2;
				LOCALIZATION_PREFERS_STRING_CATALOGS = YES;
				MTL_ENABLE_DEBUG_INFO = INCLUDE_SOURCE;
				MTL_FAST_MATH = YES;
				ONLY_ACTIVE_ARCH = YES;
				SDKROOT = iphoneos;
				SWIFT_ACTIVE_COMPILATION_CONDITIONS = "DEBUG $(inherited)";
				SWIFT_OPTIMIZATION_LEVEL = "-Onone";
			};
			name = Debug;
		};
		5FC199EE2D946BDC0002EF38 /* Release */ = {
			isa = XCBuildConfiguration;
			buildSettings = {
				ALWAYS_SEARCH_USER_PATHS = NO;
				ASSETCATALOG_COMPILER_GENERATE_SWIFT_ASSET_SYMBOL_EXTENSIONS = YES;
				CLANG_ANALYZER_NONNULL = YES;
				CLANG_ANALYZER_NUMBER_OBJECT_CONVERSION = YES_AGGRESSIVE;
				CLANG_CXX_LANGUAGE_STANDARD = "gnu++20";
				CLANG_ENABLE_MODULES = YES;
				CLANG_ENABLE_OBJC_ARC = YES;
				CLANG_ENABLE_OBJC_WEAK = YES;
				CLANG_WARN_BLOCK_CAPTURE_AUTORELEASING = YES;
				CLANG_WARN_BOOL_CONVERSION = YES;
				CLANG_WARN_COMMA = YES;
				CLANG_WARN_CONSTANT_CONVERSION = YES;
				CLANG_WARN_DEPRECATED_OBJC_IMPLEMENTATIONS = YES;
				CLANG_WARN_DIRECT_OBJC_ISA_USAGE = YES_ERROR;
				CLANG_WARN_DOCUMENTATION_COMMENTS = YES;
				CLANG_WARN_EMPTY_BODY = YES;
				CLANG_WARN_ENUM_CONVERSION = YES;
				CLANG_WARN_INFINITE_RECURSION = YES;
				CLANG_WARN_INT_CONVERSION = YES;
				CLANG_WARN_NON_LITERAL_NULL_CONVERSION = YES;
				CLANG_WARN_OBJC_IMPLICIT_RETAIN_SELF = YES;
				CLANG_WARN_OBJC_LITERAL_CONVERSION = YES;
				CLANG_WARN_OBJC_ROOT_CLASS = YES_ERROR;
				CLANG_WARN_QUOTED_INCLUDE_IN_FRAMEWORK_HEADER = YES;
				CLANG_WARN_RANGE_LOOP_ANALYSIS = YES;
				CLANG_WARN_STRICT_PROTOTYPES = YES;
				CLANG_WARN_SUSPICIOUS_MOVE = YES;
				CLANG_WARN_UNGUARDED_AVAILABILITY = YES_AGGRESSIVE;
				CLANG_WARN_UNREACHABLE_CODE = YES;
				CLANG_WARN__DUPLICATE_METHOD_MATCH = YES;
				COPY_PHASE_STRIP = NO;
				DEBUG_INFORMATION_FORMAT = "dwarf-with-dsym";
				ENABLE_NS_ASSERTIONS = NO;
				ENABLE_STRICT_OBJC_MSGSEND = YES;
				ENABLE_USER_SCRIPT_SANDBOXING = YES;
				GCC_C_LANGUAGE_STANDARD = gnu17;
				GCC_NO_COMMON_BLOCKS = YES;
				GCC_WARN_64_TO_32_BIT_CONVERSION = YES;
				GCC_WARN_ABOUT_RETURN_TYPE = YES_ERROR;
				GCC_WARN_UNDECLARED_SELECTOR = YES;
				GCC_WARN_UNINITIALIZED_AUTOS = YES_AGGRESSIVE;
				GCC_WARN_UNUSED_FUNCTION = YES;
				GCC_WARN_UNUSED_VARIABLE = YES;
				IPHONEOS_DEPLOYMENT_TARGET = 18.2;
				LOCALIZATION_PREFERS_STRING_CATALOGS = YES;
				MTL_ENABLE_DEBUG_INFO = NO;
				MTL_FAST_MATH = YES;
				SDKROOT = iphoneos;
				SWIFT_COMPILATION_MODE = wholemodule;
				VALIDATE_PRODUCT = YES;
			};
			name = Release;
		};
		5FC199F02D946BDC0002EF38 /* Debug */ = {
			isa = XCBuildConfiguration;
			buildSettings = {
				ASSETCATALOG_COMPILER_APPICON_NAME = AppIcon;
				ASSETCATALOG_COMPILER_GLOBAL_ACCENT_COLOR_NAME = AccentColor;
				CODE_SIGN_STYLE = Automatic;
				CREATE_INFOPLIST_SECTION_IN_BINARY = YES;
				CURRENT_PROJECT_VERSION = 1;
				DEVELOPMENT_ASSET_PATHS = "\"MemoryCapsule/Preview Content\"";
				DEVELOPMENT_TEAM = 29X3G5JD43;
				ENABLE_PREVIEWS = YES;
				GENERATE_INFOPLIST_FILE = YES;
				INFOPLIST_KEY_NSCameraUsageDescription = "We need camera access to take photos";
				INFOPLIST_KEY_NSLocationAlwaysAndWhenInUseUsageDescription = "We need continuous or when in use access to your location.";
				INFOPLIST_KEY_NSLocationAlwaysUsageDescription = "We need continuous access to your location.";
				INFOPLIST_KEY_NSLocationTemporaryUsageDescriptionDictionary = "We need continuous or when in use access to your location.";
				INFOPLIST_KEY_NSLocationUsageDescription = "We need  access to your location.";
				INFOPLIST_KEY_NSLocationWhenInUseUsageDescription = "We need your location to fetch nearby memories";
				INFOPLIST_KEY_UIApplicationSceneManifest_Generation = YES;
				INFOPLIST_KEY_UIApplicationSupportsIndirectInputEvents = YES;
				INFOPLIST_KEY_UILaunchScreen_Generation = YES;
				INFOPLIST_KEY_UISupportedInterfaceOrientations_iPad = "UIInterfaceOrientationPortrait UIInterfaceOrientationPortraitUpsideDown UIInterfaceOrientationLandscapeLeft UIInterfaceOrientationLandscapeRight";
				INFOPLIST_KEY_UISupportedInterfaceOrientations_iPhone = "UIInterfaceOrientationPortrait UIInterfaceOrientationLandscapeLeft UIInterfaceOrientationLandscapeRight";
				LD_RUNPATH_SEARCH_PATHS = (
					"$(inherited)",
					"@executable_path/Frameworks",
				);
				MARKETING_VERSION = 1.0;
				PRODUCT_BUNDLE_IDENTIFIER = com.gourav.MemoryCapsule;
				PRODUCT_NAME = "$(TARGET_NAME)";
				SWIFT_EMIT_LOC_STRINGS = YES;
				SWIFT_VERSION = 5.0;
				TARGETED_DEVICE_FAMILY = "1,2";
			};
			name = Debug;
		};
		5FC199F12D946BDC0002EF38 /* Release */ = {
			isa = XCBuildConfiguration;
			buildSettings = {
				ASSETCATALOG_COMPILER_APPICON_NAME = AppIcon;
				ASSETCATALOG_COMPILER_GLOBAL_ACCENT_COLOR_NAME = AccentColor;
				CODE_SIGN_STYLE = Automatic;
				CREATE_INFOPLIST_SECTION_IN_BINARY = YES;
				CURRENT_PROJECT_VERSION = 1;
				DEVELOPMENT_ASSET_PATHS = "\"MemoryCapsule/Preview Content\"";
				DEVELOPMENT_TEAM = 29X3G5JD43;
				ENABLE_PREVIEWS = YES;
				GENERATE_INFOPLIST_FILE = YES;
				INFOPLIST_KEY_NSCameraUsageDescription = "We need camera access to take photos";
				INFOPLIST_KEY_NSLocationAlwaysAndWhenInUseUsageDescription = "We need continuous or when in use access to your location.";
				INFOPLIST_KEY_NSLocationAlwaysUsageDescription = "We need continuous access to your location.";
				INFOPLIST_KEY_NSLocationTemporaryUsageDescriptionDictionary = "We need continuous or when in use access to your location.";
				INFOPLIST_KEY_NSLocationUsageDescription = "We need  access to your location.";
				INFOPLIST_KEY_NSLocationWhenInUseUsageDescription = "We need your location to fetch nearby memories";
				INFOPLIST_KEY_UIApplicationSceneManifest_Generation = YES;
				INFOPLIST_KEY_UIApplicationSupportsIndirectInputEvents = YES;
				INFOPLIST_KEY_UILaunchScreen_Generation = YES;
				INFOPLIST_KEY_UISupportedInterfaceOrientations_iPad = "UIInterfaceOrientationPortrait UIInterfaceOrientationPortraitUpsideDown UIInterfaceOrientationLandscapeLeft UIInterfaceOrientationLandscapeRight";
				INFOPLIST_KEY_UISupportedInterfaceOrientations_iPhone = "UIInterfaceOrientationPortrait UIInterfaceOrientationLandscapeLeft UIInterfaceOrientationLandscapeRight";
				LD_RUNPATH_SEARCH_PATHS = (
					"$(inherited)",
					"@executable_path/Frameworks",
				);
				MARKETING_VERSION = 1.0;
				PRODUCT_BUNDLE_IDENTIFIER = com.gourav.MemoryCapsule;
				PRODUCT_NAME = "$(TARGET_NAME)";
				SWIFT_EMIT_LOC_STRINGS = YES;
				SWIFT_VERSION = 5.0;
				TARGETED_DEVICE_FAMILY = "1,2";
			};
			name = Release;
		};
		5FC199F32D946BDC0002EF38 /* Debug */ = {
			isa = XCBuildConfiguration;
			buildSettings = {
				BUNDLE_LOADER = "$(TEST_HOST)";
				CODE_SIGN_STYLE = Automatic;
				CURRENT_PROJECT_VERSION = 1;
				DEVELOPMENT_TEAM = 29X3G5JD43;
				GENERATE_INFOPLIST_FILE = YES;
				IPHONEOS_DEPLOYMENT_TARGET = 18.2;
				MARKETING_VERSION = 1.0;
				PRODUCT_BUNDLE_IDENTIFIER = com.gourav.MemoryCapsuleTests;
				PRODUCT_NAME = "$(TARGET_NAME)";
				SWIFT_EMIT_LOC_STRINGS = NO;
				SWIFT_VERSION = 5.0;
				TARGETED_DEVICE_FAMILY = "1,2";
				TEST_HOST = "$(BUILT_PRODUCTS_DIR)/MemoryCapsule.app/$(BUNDLE_EXECUTABLE_FOLDER_PATH)/MemoryCapsule";
			};
			name = Debug;
		};
		5FC199F42D946BDC0002EF38 /* Release */ = {
			isa = XCBuildConfiguration;
			buildSettings = {
				BUNDLE_LOADER = "$(TEST_HOST)";
				CODE_SIGN_STYLE = Automatic;
				CURRENT_PROJECT_VERSION = 1;
				DEVELOPMENT_TEAM = 29X3G5JD43;
				GENERATE_INFOPLIST_FILE = YES;
				IPHONEOS_DEPLOYMENT_TARGET = 18.2;
				MARKETING_VERSION = 1.0;
				PRODUCT_BUNDLE_IDENTIFIER = com.gourav.MemoryCapsuleTests;
				PRODUCT_NAME = "$(TARGET_NAME)";
				SWIFT_EMIT_LOC_STRINGS = NO;
				SWIFT_VERSION = 5.0;
				TARGETED_DEVICE_FAMILY = "1,2";
				TEST_HOST = "$(BUILT_PRODUCTS_DIR)/MemoryCapsule.app/$(BUNDLE_EXECUTABLE_FOLDER_PATH)/MemoryCapsule";
			};
			name = Release;
		};
		5FC199F62D946BDC0002EF38 /* Debug */ = {
			isa = XCBuildConfiguration;
			buildSettings = {
				CODE_SIGN_STYLE = Automatic;
				CURRENT_PROJECT_VERSION = 1;
				DEVELOPMENT_TEAM = 29X3G5JD43;
				GENERATE_INFOPLIST_FILE = YES;
				MARKETING_VERSION = 1.0;
				PRODUCT_BUNDLE_IDENTIFIER = com.gourav.MemoryCapsuleUITests;
				PRODUCT_NAME = "$(TARGET_NAME)";
				SWIFT_EMIT_LOC_STRINGS = NO;
				SWIFT_VERSION = 5.0;
				TARGETED_DEVICE_FAMILY = "1,2";
				TEST_TARGET_NAME = MemoryCapsule;
			};
			name = Debug;
		};
		5FC199F72D946BDC0002EF38 /* Release */ = {
			isa = XCBuildConfiguration;
			buildSettings = {
				CODE_SIGN_STYLE = Automatic;
				CURRENT_PROJECT_VERSION = 1;
				DEVELOPMENT_TEAM = 29X3G5JD43;
				GENERATE_INFOPLIST_FILE = YES;
				MARKETING_VERSION = 1.0;
				PRODUCT_BUNDLE_IDENTIFIER = com.gourav.MemoryCapsuleUITests;
				PRODUCT_NAME = "$(TARGET_NAME)";
				SWIFT_EMIT_LOC_STRINGS = NO;
				SWIFT_VERSION = 5.0;
				TARGETED_DEVICE_FAMILY = "1,2";
				TEST_TARGET_NAME = MemoryCapsule;
			};
			name = Release;
		};
/* End XCBuildConfiguration section */

/* Begin XCConfigurationList section */
		5FC199C62D946BDA0002EF38 /* Build configuration list for PBXProject "MemoryCapsule" */ = {
			isa = XCConfigurationList;
			buildConfigurations = (
				5FC199ED2D946BDC0002EF38 /* Debug */,
				5FC199EE2D946BDC0002EF38 /* Release */,
			);
			defaultConfigurationIsVisible = 0;
			defaultConfigurationName = Release;
		};
		5FC199EF2D946BDC0002EF38 /* Build configuration list for PBXNativeTarget "MemoryCapsule" */ = {
			isa = XCConfigurationList;
			buildConfigurations = (
				5FC199F02D946BDC0002EF38 /* Debug */,
				5FC199F12D946BDC0002EF38 /* Release */,
			);
			defaultConfigurationIsVisible = 0;
			defaultConfigurationName = Release;
		};
		5FC199F22D946BDC0002EF38 /* Build configuration list for PBXNativeTarget "MemoryCapsuleTests" */ = {
			isa = XCConfigurationList;
			buildConfigurations = (
				5FC199F32D946BDC0002EF38 /* Debug */,
				5FC199F42D946BDC0002EF38 /* Release */,
			);
			defaultConfigurationIsVisible = 0;
			defaultConfigurationName = Release;
		};
		5FC199F52D946BDC0002EF38 /* Build configuration list for PBXNativeTarget "MemoryCapsuleUITests" */ = {
			isa = XCConfigurationList;
			buildConfigurations = (
				5FC199F62D946BDC0002EF38 /* Debug */,
				5FC199F72D946BDC0002EF38 /* Release */,
			);
			defaultConfigurationIsVisible = 0;
			defaultConfigurationName = Release;
		};
/* End XCConfigurationList section */

/* Begin XCRemoteSwiftPackageReference section */
		5FC19A052D946FA40002EF38 /* XCRemoteSwiftPackageReference "firebase-ios-sdk" */ = {
			isa = XCRemoteSwiftPackageReference;
			repositoryURL = "https://github.com/firebase/firebase-ios-sdk";
			requirement = {
				kind = upToNextMajorVersion;
				minimumVersion = 11.10.0;
			};
		};
/* End XCRemoteSwiftPackageReference section */

/* Begin XCSwiftPackageProductDependency section */
		5FC19A062D946FA40002EF38 /* FirebaseAnalytics */ = {
			isa = XCSwiftPackageProductDependency;
			package = 5FC19A052D946FA40002EF38 /* XCRemoteSwiftPackageReference "firebase-ios-sdk" */;
			productName = FirebaseAnalytics;
		};
		5FC19A082D946FA40002EF38 /* FirebaseAppDistribution-Beta */ = {
			isa = XCSwiftPackageProductDependency;
			package = 5FC19A052D946FA40002EF38 /* XCRemoteSwiftPackageReference "firebase-ios-sdk" */;
			productName = "FirebaseAppDistribution-Beta";
		};
		5FC19A132D947EFA0002EF38 /* FirebaseFirestore */ = {
			isa = XCSwiftPackageProductDependency;
			package = 5FC19A052D946FA40002EF38 /* XCRemoteSwiftPackageReference "firebase-ios-sdk" */;
			productName = FirebaseFirestore;
		};
		5FC19A152D947EFA0002EF38 /* FirebaseStorage */ = {
			isa = XCSwiftPackageProductDependency;
			package = 5FC19A052D946FA40002EF38 /* XCRemoteSwiftPackageReference "firebase-ios-sdk" */;
			productName = FirebaseStorage;
		};
/* End XCSwiftPackageProductDependency section */
	};
	rootObject = 5FC199C32D946BDA0002EF38 /* Project object */;
}
